
Microsoft Visual Studio Solution File, Format Version 12.00
# Visual Studio Version 17
VisualStudioVersion = 17.11.35222.181
MinimumVisualStudioVersion = 10.0.40219.1
Project("{FAE04EC0-301F-11D3-BF4B-00C04F79EFBC}") = "DoIt_Cshop_Start_1", "DoIt_Cshop_Start_1.csproj", "{77536718-4BF2-4EEB-B4CC-86DF1A254580}"
EndProject
Global
	GlobalSection(SolutionConfigurationPlatforms) = preSolution
		Debug|Any CPU = Debug|Any CPU
		Release|Any CPU = Release|Any CPU
	EndGlobalSection
	GlobalSection(ProjectConfigurationPlatforms) = postSolution
		{77536718-4BF2-4EEB-B4CC-86DF1A254580}.Debug|Any CPU.ActiveCfg = Debug|Any CPU
		{77536718-4BF2-4EEB-B4CC-86DF1A254580}.Debug|Any CPU.Build.0 = Debug|Any CPU
		{77536718-4BF2-4EEB-B4CC-86DF1A254580}.Release|Any CPU.ActiveCfg = Release|Any CPU
		{77536718-4BF2-4EEB-B4CC-86DF1A254580}.Release|Any CPU.Build.0 = Release|Any CPU
	EndGlobalSection
	GlobalSection(SolutionProperties) = preSolution
		HideSolutionNode = FALSE
	EndGlobalSection
	GlobalSection(ExtensibilityGlobals) = postSolution
		SolutionGuid = {9561BED8-EC23-424C-8C6A-DD6EB168E7D5}
	EndGlobalSection
EndGlobal
